
Microsoft Visual Studio Solution File, Format Version 12.00
# Visual Studio Version 16
VisualStudioVersion = 16.0.30225.117
MinimumVisualStudioVersion = 10.0.40219.1
Project("{FAE04EC0-301F-11D3-BF4B-00C04F79EFBC}") = "SoftBridgeApp", "SoftBridgeApp\SoftBridgeApp.csproj", "{395FD5FB-6231-4B98-9F0B-A13FBF240428}"
EndProject
Project("{FAE04EC0-301F-11D3-BF4B-00C04F79EFBC}") = "SoftBridgeApplication.Test", "SoftBridgeApplication.Test\SoftBridgeApplication.Test.csproj", "{5E2F83AA-82DA-4C1D-97A7-42BCF3DBA4A8}"
EndProject
Global
	GlobalSection(SolutionConfigurationPlatforms) = preSolution
		Debug|Any CPU = Debug|Any CPU
		Release|Any CPU = Release|Any CPU
	EndGlobalSection
	GlobalSection(ProjectConfigurationPlatforms) = postSolution
		{395FD5FB-6231-4B98-9F0B-A13FBF240428}.Debug|Any CPU.ActiveCfg = Debug|Any CPU
		{395FD5FB-6231-4B98-9F0B-A13FBF240428}.Debug|Any CPU.Build.0 = Debug|Any CPU
		{395FD5FB-6231-4B98-9F0B-A13FBF240428}.Release|Any CPU.ActiveCfg = Release|Any CPU
		{395FD5FB-6231-4B98-9F0B-A13FBF240428}.Release|Any CPU.Build.0 = Release|Any CPU
		{5E2F83AA-82DA-4C1D-97A7-42BCF3DBA4A8}.Debug|Any CPU.ActiveCfg = Debug|Any CPU
		{5E2F83AA-82DA-4C1D-97A7-42BCF3DBA4A8}.Debug|Any CPU.Build.0 = Debug|Any CPU
		{5E2F83AA-82DA-4C1D-97A7-42BCF3DBA4A8}.Release|Any CPU.ActiveCfg = Release|Any CPU
		{5E2F83AA-82DA-4C1D-97A7-42BCF3DBA4A8}.Release|Any CPU.Build.0 = Release|Any CPU
	EndGlobalSection
	GlobalSection(SolutionProperties) = preSolution
		HideSolutionNode = FALSE
	EndGlobalSection
	GlobalSection(ExtensibilityGlobals) = postSolution
		SolutionGuid = {052DF573-A337-4779-8B81-AF477B30D14D}
	EndGlobalSection
EndGlobal
